# This file is automatically @generated by Cargo.
# It is not intended for manual editing.
[[package]]
name = "enigma"
version = "0.1.0"
dependencies = [
 "lazy_static",
 "multimap",
]

[[package]]
name = "lazy_static"
version = "1.4.0"
source = "registry+https://github.com/rust-lang/crates.io-index"
checksum = "e2abad23fbc42b3700f2f279844dc832adb2b2eb069b2df918f455c4e18cc646"

[[package]]
name = "multimap"
version = "0.8.1"
source = "registry+https://github.com/rust-lang/crates.io-index"
checksum = "d8883adfde9756c1d30b0f519c9b8c502a94b41ac62f696453c37c7fc0a958ce"
dependencies = [
 "serde",
]

[[package]]
name = "serde"
version = "1.0.106"
source = "registry+https://github.com/rust-lang/crates.io-index"
checksum = "36df6ac6412072f67cf767ebbde4133a5b2e88e76dc6187fa7104cd16f783399"
